{
  "version": 1,
  "dependencies": {
    ".NETFramework,Version=v4.8": {
      "AtsEx.CoreExtensions": {
        "type": "Direct",
        "requested": "[1.0.0-rc9, )",
        "resolved": "1.0.0-rc9",
        "contentHash": "b9KGmP9t37+L+9xt2NnI7a/mCh6i8A2Vodx6w/CkwT08bPqe9IsfCt/nSIT0Q8DghTU2nykSN/BBP1TCSH/0ng==",
        "dependencies": {
          "AtsEx.PluginHost": "1.0.0-rc1",
          "ObjectiveHarmonyPatch": "1.1.0"
        }
      },
      "AtsEx.PluginHost": {
        "type": "Direct",
        "requested": "[1.0.0-rc9, )",
        "resolved": "1.0.0-rc9",
        "contentHash": "UjhPUohYL8hiMCwvJGQ0IZ5ALcgesonhTGMPO9f2ZjbOMLyHtIdPZj3yeqWUxfX4RqkgKwRidvw9G9OQo61BQA==",
        "dependencies": {
          "SlimDX": "4.0.13.44",
          "UnembeddedResources": "1.0.0"
        }
      },
      "Lib.Harmony": {
        "type": "Transitive",
        "resolved": "2.2.2",
        "contentHash": "70KvWz+DiUELxafsYL/LHxA/jH3PDWeApLo/VwtnrpTvRWQ/eUdPfS/l5funmhZWOy41QXw6UjVv+6C57Nx77A=="
      },
      "ObjectiveHarmonyPatch": {
        "type": "Transitive",
        "resolved": "1.1.0",
        "contentHash": "tzKrRbZCURq3RpAGbTXZywNJ1sGI/4ia+8OJ6NiSPfhw0uCevXUcHGFlpIxgOQei/3JQKqUMH9aq+RvWUn/44g==",
        "dependencies": {
          "Lib.Harmony": "2.2.2"
        }
      },
      "SlimDX": {
        "type": "Transitive",
        "resolved": "4.0.13.44",
        "contentHash": "Oj8ICZ3tIGvd93s5W6wSWXckDb3payQCo4fWp7GKPwnnGck7wEHHBZwnwfJJTdNb+t+IYr4HJCu07YhZ82xrIg=="
      },
      "UnembeddedResources": {
        "type": "Transitive",
        "resolved": "1.0.0",
        "contentHash": "cZJ8PtsQwQ4EzShUiUdKz2blvj/r6v0/Tg5+43SsWBTpHhX79P05Srtu6ypiSPgOKePnpB5D/SM5HCyoaMQN6g=="
      }
    }
  }
}